{
  "nodes": {
    "darwin": {
      "inputs": {
        "nixpkgs": [
          "nixpkgs-unstable"
        ]
      },
      "locked": {
        "lastModified": 1681154394,
        "narHash": "sha256-avnu1K9AuouygBiwVKuDp6emiTET43az3rcpv0ctLjc=",
        "owner": "LnL7",
        "repo": "nix-darwin",
        "rev": "025912529dd0b31dead95519e944ea05f1ad56f2",
        "type": "github"
      },
      "original": {
        "owner": "LnL7",
        "repo": "nix-darwin",
        "type": "github"
      }
    },
    "flake-compat": {
      "flake": false,
      "locked": {
        "lastModified": 1673956053,
        "narHash": "sha256-4gtG9iQuiKITOjNQQeQIpoIB6b16fm+504Ch3sNKLd8=",
        "owner": "edolstra",
        "repo": "flake-compat",
        "rev": "35bb57c0c8d8b62bbfd284272c928ceb64ddbde9",
        "type": "github"
      },
      "original": {
        "owner": "edolstra",
        "repo": "flake-compat",
        "type": "github"
      }
    },
    "flake-compat_2": {
      "flake": false,
      "locked": {
        "lastModified": 1641205782,
        "narHash": "sha256-4jY7RCWUoZ9cKD8co0/4tFARpWB+57+r1bLLvXNJliY=",
        "owner": "edolstra",
        "repo": "flake-compat",
        "rev": "b7547d3eed6f32d06102ead8991ec52ab0a4f1a7",
        "type": "github"
      },
      "original": {
        "owner": "edolstra",
        "repo": "flake-compat",
        "type": "github"
      }
    },
    "flake-compat_3": {
      "flake": false,
      "locked": {
        "lastModified": 1641205782,
        "narHash": "sha256-4jY7RCWUoZ9cKD8co0/4tFARpWB+57+r1bLLvXNJliY=",
        "owner": "edolstra",
        "repo": "flake-compat",
        "rev": "b7547d3eed6f32d06102ead8991ec52ab0a4f1a7",
        "type": "github"
      },
      "original": {
        "owner": "edolstra",
        "repo": "flake-compat",
        "type": "github"
      }
    },
    "flake-compat_4": {
      "flake": false,
      "locked": {
        "lastModified": 1673956053,
        "narHash": "sha256-4gtG9iQuiKITOjNQQeQIpoIB6b16fm+504Ch3sNKLd8=",
        "owner": "edolstra",
        "repo": "flake-compat",
        "rev": "35bb57c0c8d8b62bbfd284272c928ceb64ddbde9",
        "type": "github"
      },
      "original": {
        "owner": "edolstra",
        "repo": "flake-compat",
        "type": "github"
      }
    },
    "flake-utils": {
      "inputs": {
        "systems": "systems"
      },
      "locked": {
        "lastModified": 1681202837,
        "narHash": "sha256-H+Rh19JDwRtpVPAWp64F+rlEtxUWBAQW28eAi3SRSzg=",
        "owner": "numtide",
        "repo": "flake-utils",
        "rev": "cfacdce06f30d2b68473a46042957675eebb3401",
        "type": "github"
      },
      "original": {
        "owner": "numtide",
        "repo": "flake-utils",
        "type": "github"
      }
    },
    "flake-utils_2": {
      "locked": {
        "lastModified": 1644229661,
        "narHash": "sha256-1YdnJAsNy69bpcjuoKdOYQX0YxZBiCYZo4Twxerqv7k=",
        "owner": "numtide",
        "repo": "flake-utils",
        "rev": "3cecb5b042f7f209c56ffd8371b2711a290ec797",
        "type": "github"
      },
      "original": {
        "owner": "numtide",
        "repo": "flake-utils",
        "type": "github"
      }
    },
    "flake-utils_3": {
      "locked": {
        "lastModified": 1644229661,
        "narHash": "sha256-1YdnJAsNy69bpcjuoKdOYQX0YxZBiCYZo4Twxerqv7k=",
        "owner": "numtide",
        "repo": "flake-utils",
        "rev": "3cecb5b042f7f209c56ffd8371b2711a290ec797",
        "type": "github"
      },
      "original": {
        "owner": "numtide",
        "repo": "flake-utils",
        "type": "github"
      }
    },
    "flake-utils_4": {
      "locked": {
        "lastModified": 1667395993,
        "narHash": "sha256-nuEHfE/LcWyuSWnS8t12N1wc105Qtau+/OdUAjtQ0rA=",
        "owner": "numtide",
        "repo": "flake-utils",
        "rev": "5aed5285a952e0b949eb3ba02c12fa4fcfef535f",
        "type": "github"
      },
      "original": {
        "owner": "numtide",
        "repo": "flake-utils",
        "type": "github"
      }
    },
    "flake-utils_5": {
      "inputs": {
        "systems": "systems_2"
      },
      "locked": {
        "lastModified": 1681202837,
        "narHash": "sha256-H+Rh19JDwRtpVPAWp64F+rlEtxUWBAQW28eAi3SRSzg=",
        "owner": "numtide",
        "repo": "flake-utils",
        "rev": "cfacdce06f30d2b68473a46042957675eebb3401",
        "type": "github"
      },
      "original": {
        "owner": "numtide",
        "repo": "flake-utils",
        "type": "github"
      }
    },
    "gitignore": {
      "inputs": {
        "nixpkgs": [
          "pre-commit-hooks",
          "nixpkgs"
        ]
      },
      "locked": {
        "lastModified": 1660459072,
        "narHash": "sha256-8DFJjXG8zqoONA1vXtgeKXy68KdJL5UaXR8NtVMUbx8=",
        "owner": "hercules-ci",
        "repo": "gitignore.nix",
        "rev": "a20de23b925fd8264fd7fad6454652e142fd7f73",
        "type": "github"
      },
      "original": {
        "owner": "hercules-ci",
        "repo": "gitignore.nix",
        "type": "github"
      }
    },
    "home-manager": {
      "inputs": {
        "nixpkgs": [
          "nixpkgs-unstable"
        ]
      },
      "locked": {
        "lastModified": 1681586243,
        "narHash": "sha256-vdP79IZuDZVNSl4RN1LgEuab1Tkbv4gCxiE8VLdRf7U=",
        "owner": "nix-community",
        "repo": "home-manager",
        "rev": "40ebb62101c83de81e5fd7c3cfe5cea2ed21b1ad",
        "type": "github"
      },
      "original": {
        "owner": "nix-community",
        "repo": "home-manager",
        "type": "github"
      }
    },
    "neorg": {
      "flake": false,
      "locked": {
        "lastModified": 1681559088,
        "narHash": "sha256-zZ4ufS+wsYLEnFgrTku+/7SBUIk14vV7QY5H1iKW77U=",
        "owner": "nvim-neorg",
        "repo": "neorg",
        "rev": "1fecaab548161abd0238b3d16c81e69c7d14252a",
        "type": "github"
      },
      "original": {
        "owner": "nvim-neorg",
        "repo": "neorg",
        "type": "github"
      }
    },
    "neorg-overlay": {
      "inputs": {
        "flake-utils": [
          "flake-utils"
        ],
        "neorg": "neorg",
        "neorg-telescope": "neorg-telescope",
        "nixpkgs": [
          "nixpkgs-unstable"
        ],
        "norg": "norg",
        "norg-meta": "norg-meta"
      },
      "locked": {
        "lastModified": 1681661715,
        "narHash": "sha256-4zsNCL51yWkIiQJPBZteOWkpvSaICn7BM7avmMOEtEM=",
        "owner": "nvim-neorg",
        "repo": "nixpkgs-neorg-overlay",
        "rev": "b3a9257cb852107aa2e05951ffae3d4ec7ab2af2",
        "type": "github"
      },
      "original": {
        "owner": "nvim-neorg",
        "repo": "nixpkgs-neorg-overlay",
        "type": "github"
      }
    },
    "neorg-telescope": {
      "flake": false,
      "locked": {
        "lastModified": 1680939189,
        "narHash": "sha256-zSaz7C0++OosLcMt4tkRQ8q0liFX0IgPHgUXJhPVlus=",
        "owner": "nvim-neorg",
        "repo": "neorg-telescope",
        "rev": "7d9f89375421401c41c3c270a2acad0b44ee0331",
        "type": "github"
      },
      "original": {
        "owner": "nvim-neorg",
        "repo": "neorg-telescope",
        "type": "github"
      }
    },
    "nixos-stable": {
      "locked": {
        "lastModified": 1681482634,
        "narHash": "sha256-cT/nr3L8khEYZSGp8qqwxFH+/q4/547MfyOdSj6MhBk=",
        "owner": "NixOS",
        "repo": "nixpkgs",
        "rev": "fda0d99c2cbbb5c89d8855d258cb0821bd9113ad",
        "type": "github"
      },
      "original": {
        "owner": "NixOS",
        "ref": "nixos-22.11",
        "repo": "nixpkgs",
        "type": "github"
      }
    },
    "nixpkgs": {
      "locked": {
        "lastModified": 1644486793,
        "narHash": "sha256-EeijR4guVHgVv+JpOX3cQO+1XdrkJfGmiJ9XVsVU530=",
        "owner": "NixOS",
        "repo": "nixpkgs",
        "rev": "1882c6b7368fd284ad01b0a5b5601ef136321292",
        "type": "github"
      },
      "original": {
        "owner": "NixOS",
        "ref": "nixpkgs-unstable",
        "repo": "nixpkgs",
        "type": "github"
      }
    },
    "nixpkgs-master": {
      "locked": {
        "lastModified": 1681669547,
        "narHash": "sha256-5jxi5+jPlG6SNXcBa/BmF/erBoW2+NVmAkgZd7fbiZ0=",
        "owner": "NixOS",
        "repo": "nixpkgs",
        "rev": "816ad3d34582bd671999cf3178896fe501aea8fc",
        "type": "github"
      },
      "original": {
        "owner": "NixOS",
        "ref": "master",
        "repo": "nixpkgs",
        "type": "github"
      }
    },
    "nixpkgs-stable": {
      "locked": {
        "lastModified": 1681642985,
        "narHash": "sha256-u+I9zIScRdW092/F2T8NXF0EBS+Z3G5Gkg19yH0ei/Y=",
        "owner": "NixOS",
        "repo": "nixpkgs",
        "rev": "84d94e1a502e21cbf185ef39c998c6c21ce51a87",
        "type": "github"
      },
      "original": {
        "owner": "NixOS",
        "ref": "nixpkgs-22.11-darwin",
        "repo": "nixpkgs",
        "type": "github"
      }
    },
    "nixpkgs-stable_2": {
      "locked": {
        "lastModified": 1678872516,
        "narHash": "sha256-/E1YwtMtFAu2KUQKV/1+KFuReYPANM2Rzehk84VxVoc=",
        "owner": "NixOS",
        "repo": "nixpkgs",
        "rev": "9b8e5abb18324c7fe9f07cb100c3cd4a29cda8b8",
        "type": "github"
      },
      "original": {
        "owner": "NixOS",
        "ref": "nixos-22.11",
        "repo": "nixpkgs",
        "type": "github"
      }
    },
    "nixpkgs-unstable": {
      "locked": {
        "lastModified": 1681633309,
        "narHash": "sha256-HvEzKU/ZWGyIt2G+AIEKmMt/ED3P+Tgjw3/BkArti0o=",
        "owner": "NixOS",
        "repo": "nixpkgs",
        "rev": "cb578ff7040066fd1b3f6f087bca796ddbf598b5",
        "type": "github"
      },
      "original": {
        "owner": "NixOS",
        "ref": "nixpkgs-unstable",
        "repo": "nixpkgs",
        "type": "github"
      }
    },
    "nixpkgs_2": {
      "locked": {
        "lastModified": 1644486793,
        "narHash": "sha256-EeijR4guVHgVv+JpOX3cQO+1XdrkJfGmiJ9XVsVU530=",
        "owner": "NixOS",
        "repo": "nixpkgs",
        "rev": "1882c6b7368fd284ad01b0a5b5601ef136321292",
        "type": "github"
      },
      "original": {
        "owner": "NixOS",
        "ref": "nixpkgs-unstable",
        "repo": "nixpkgs",
        "type": "github"
      }
    },
    "nixpkgs_3": {
      "locked": {
        "lastModified": 1681303793,
        "narHash": "sha256-JEdQHsYuCfRL2PICHlOiH/2ue3DwoxUX7DJ6zZxZXFk=",
        "owner": "NixOS",
        "repo": "nixpkgs",
        "rev": "fe2ecaf706a5907b5e54d979fbde4924d84b65fc",
        "type": "github"
      },
      "original": {
        "owner": "NixOS",
        "ref": "nixos-unstable",
        "repo": "nixpkgs",
        "type": "github"
      }
    },
    "norg": {
      "inputs": {
        "flake-compat": "flake-compat_2",
        "flake-utils": "flake-utils_2",
        "nixpkgs": "nixpkgs"
      },
      "locked": {
        "lastModified": 1672582520,
        "narHash": "sha256-kv3UiJUqMSF1qd3r4OCWomVTHTYjwX/EBRWm8mOSdwg=",
        "owner": "nvim-neorg",
        "repo": "tree-sitter-norg",
        "rev": "d7a466e182a532065a559dbfc7a847271d5e9c29",
        "type": "github"
      },
      "original": {
        "owner": "nvim-neorg",
        "ref": "dev",
        "repo": "tree-sitter-norg",
        "type": "github"
      }
    },
    "norg-meta": {
      "inputs": {
        "flake-compat": "flake-compat_3",
        "flake-utils": "flake-utils_3",
        "nixpkgs": "nixpkgs_2"
      },
      "locked": {
        "lastModified": 1665742508,
        "narHash": "sha256-1gOTQdqB/TpaJ2ClNY+/Gqsj7TkCgv9CNiX97oF8PGo=",
        "owner": "nvim-neorg",
        "repo": "tree-sitter-norg-meta",
        "rev": "8e1a9008eb9492e95eb9a65ab0ec0419cfa9c4c7",
        "type": "github"
      },
      "original": {
        "owner": "nvim-neorg",
        "repo": "tree-sitter-norg-meta",
        "type": "github"
      }
    },
    "pre-commit-hooks": {
      "inputs": {
        "flake-compat": "flake-compat_4",
        "flake-utils": "flake-utils_4",
        "gitignore": "gitignore",
        "nixpkgs": "nixpkgs_3",
        "nixpkgs-stable": "nixpkgs-stable_2"
      },
      "locked": {
        "lastModified": 1681413034,
        "narHash": "sha256-/t7OjNQcNkeWeSq/CFLYVBfm+IEnkjoSm9iKvArnUUI=",
        "owner": "cachix",
        "repo": "pre-commit-hooks.nix",
        "rev": "d3de8f69ca88fb6f8b09e5b598be5ac98d28ede5",
        "type": "github"
      },
      "original": {
        "owner": "cachix",
        "repo": "pre-commit-hooks.nix",
        "type": "github"
      }
    },
    "root": {
      "inputs": {
        "darwin": "darwin",
        "flake-compat": "flake-compat",
        "flake-utils": "flake-utils",
        "home-manager": "home-manager",
        "neorg-overlay": "neorg-overlay",
        "nixos-stable": "nixos-stable",
        "nixpkgs-master": "nixpkgs-master",
        "nixpkgs-stable": "nixpkgs-stable",
        "nixpkgs-unstable": "nixpkgs-unstable",
        "pre-commit-hooks": "pre-commit-hooks",
        "rust-overlay": "rust-overlay"
      }
    },
    "rust-overlay": {
      "inputs": {
        "flake-utils": "flake-utils_5",
        "nixpkgs": [
          "nixpkgs-unstable"
        ]
      },
      "locked": {
        "lastModified": 1681611682,
        "narHash": "sha256-gT4wfOdVyxtB3NV5U914uAOqzFYMdNK8ObPmtqHxlUg=",
        "owner": "oxalica",
        "repo": "rust-overlay",
        "rev": "18cdcb7b4017f266117a4d164f9d71c0535ef5ec",
        "type": "github"
      },
      "original": {
        "owner": "oxalica",
        "repo": "rust-overlay",
        "type": "github"
      }
    },
    "systems": {
      "locked": {
        "lastModified": 1681028828,
        "narHash": "sha256-Vy1rq5AaRuLzOxct8nz4T6wlgyUR7zLU309k9mBC768=",
        "owner": "nix-systems",
        "repo": "default",
        "rev": "da67096a3b9bf56a91d16901293e51ba5b49a27e",
        "type": "github"
      },
      "original": {
        "owner": "nix-systems",
        "repo": "default",
        "type": "github"
      }
    },
    "systems_2": {
      "locked": {
        "lastModified": 1681028828,
        "narHash": "sha256-Vy1rq5AaRuLzOxct8nz4T6wlgyUR7zLU309k9mBC768=",
        "owner": "nix-systems",
        "repo": "default",
        "rev": "da67096a3b9bf56a91d16901293e51ba5b49a27e",
        "type": "github"
      },
      "original": {
        "owner": "nix-systems",
        "repo": "default",
        "type": "github"
      }
    }
  },
  "root": "root",
  "version": 7
}
